
Microsoft Visual Studio Solution File, Format Version 12.00
# Visual Studio Version 17
VisualStudioVersion = 17.0.31903.59
MinimumVisualStudioVersion = 10.0.40219.1
Project("{2150E333-8FDC-42A3-9474-1A3956D46DE8}") = "src", "src", "{827E0CD3-B72D-47B6-A68D-7590B98EB39B}"
EndProject
Project("{2150E333-8FDC-42A3-9474-1A3956D46DE8}") = "Shared", "Shared", "{C8E42992-5E42-0C2B-DBFE-AA848D06431C}"
EndProject
Project("{FAE04EC0-301F-11D3-BF4B-00C04F79EFBC}") = "FlowBoard.Shared", "src\Shared\FlowBoard.Shared\FlowBoard.Shared.csproj", "{60ADBAEB-F1D5-4DDD-9745-48DFE8C629B6}"
EndProject
Project("{2150E333-8FDC-42A3-9474-1A3956D46DE8}") = "Services", "Services", "{984BB9B3-3FA3-BE33-9484-CAC21695A33C}"
EndProject
Project("{FAE04EC0-301F-11D3-BF4B-00C04F79EFBC}") = "FlowBoard.AuthService", "src\Services\FlowBoard.AuthService\FlowBoard.AuthService.csproj", "{9147ACE2-7906-404B-96F4-8290C4918831}"
EndProject
Project("{FAE04EC0-301F-11D3-BF4B-00C04F79EFBC}") = "FlowBoard.WorkspaceService", "src\Services\FlowBoard.WorkspaceService\FlowBoard.WorkspaceService.csproj", "{866E8F05-5BBD-4CB3-8C39-280602BD11CB}"
EndProject
Project("{FAE04EC0-301F-11D3-BF4B-00C04F79EFBC}") = "FlowBoard.BoardService", "src\Services\FlowBoard.BoardService\FlowBoard.BoardService.csproj", "{F36FB855-E82A-434D-BD24-5EB9E20766CF}"
EndProject
Project("{FAE04EC0-301F-11D3-BF4B-00C04F79EFBC}") = "FlowBoard.ListService", "src\Services\FlowBoard.ListService\FlowBoard.ListService.csproj", "{094F16A6-3D1A-4A0A-941C-EA5A9828C857}"
EndProject
Project("{FAE04EC0-301F-11D3-BF4B-00C04F79EFBC}") = "FlowBoard.CardService", "src\Services\FlowBoard.CardService\FlowBoard.CardService.csproj", "{D9AAEE76-73C9-4356-847E-F4FD86341650}"
EndProject
Project("{FAE04EC0-301F-11D3-BF4B-00C04F79EFBC}") = "FlowBoard.CommentService", "src\Services\FlowBoard.CommentService\FlowBoard.CommentService.csproj", "{B34D8888-22BE-464F-AC97-50CE63B6005C}"
EndProject
Project("{FAE04EC0-301F-11D3-BF4B-00C04F79EFBC}") = "FlowBoard.LabelService", "src\Services\FlowBoard.LabelService\FlowBoard.LabelService.csproj", "{C19B53E2-BAED-4AA6-ABEC-E235C198F4A9}"
EndProject
Project("{FAE04EC0-301F-11D3-BF4B-00C04F79EFBC}") = "FlowBoard.ChecklistService", "src\Services\FlowBoard.ChecklistService\FlowBoard.ChecklistService.csproj", "{5D3651E9-6412-4F3D-88CD-61E678CABDEC}"
EndProject
Project("{2150E333-8FDC-42A3-9474-1A3956D46DE8}") = "Gateway", "Gateway", "{6306A8FB-679E-111F-6585-8F70E0EE6013}"
EndProject
Project("{FAE04EC0-301F-11D3-BF4B-00C04F79EFBC}") = "FlowBoard.Gateway", "src\Gateway\FlowBoard.Gateway\FlowBoard.Gateway.csproj", "{D7586B35-2242-40B6-8481-A760D53BD63D}"
EndProject
Project("{2150E333-8FDC-42A3-9474-1A3956D46DE8}") = "Tests", "Tests", "{CEA09484-30F6-4D44-02F6-822E06DBC57C}"
EndProject
Project("{FAE04EC0-301F-11D3-BF4B-00C04F79EFBC}") = "FlowBoard.UnitTests", "src\Tests\FlowBoard.UnitTests\FlowBoard.UnitTests.csproj", "{09A441B3-1541-45D0-A9BD-5D7099A8C364}"
EndProject
Global
	GlobalSection(SolutionConfigurationPlatforms) = preSolution
		Debug|Any CPU = Debug|Any CPU
		Debug|x64 = Debug|x64
		Debug|x86 = Debug|x86
		Release|Any CPU = Release|Any CPU
		Release|x64 = Release|x64
		Release|x86 = Release|x86
	EndGlobalSection
	GlobalSection(ProjectConfigurationPlatforms) = postSolution
		{60ADBAEB-F1D5-4DDD-9745-48DFE8C629B6}.Debug|Any CPU.ActiveCfg = Debug|Any CPU
		{60ADBAEB-F1D5-4DDD-9745-48DFE8C629B6}.Debug|Any CPU.Build.0 = Debug|Any CPU
		{60ADBAEB-F1D5-4DDD-9745-48DFE8C629B6}.Debug|x64.ActiveCfg = Debug|Any CPU
		{60ADBAEB-F1D5-4DDD-9745-48DFE8C629B6}.Debug|x64.Build.0 = Debug|Any CPU
		{60ADBAEB-F1D5-4DDD-9745-48DFE8C629B6}.Debug|x86.ActiveCfg = Debug|Any CPU
		{60ADBAEB-F1D5-4DDD-9745-48DFE8C629B6}.Debug|x86.Build.0 = Debug|Any CPU
		{60ADBAEB-F1D5-4DDD-9745-48DFE8C629B6}.Release|Any CPU.ActiveCfg = Release|Any CPU
		{60ADBAEB-F1D5-4DDD-9745-48DFE8C629B6}.Release|Any CPU.Build.0 = Release|Any CPU
		{60ADBAEB-F1D5-4DDD-9745-48DFE8C629B6}.Release|x64.ActiveCfg = Release|Any CPU
		{60ADBAEB-F1D5-4DDD-9745-48DFE8C629B6}.Release|x64.Build.0 = Release|Any CPU
		{60ADBAEB-F1D5-4DDD-9745-48DFE8C629B6}.Release|x86.ActiveCfg = Release|Any CPU
		{60ADBAEB-F1D5-4DDD-9745-48DFE8C629B6}.Release|x86.Build.0 = Release|Any CPU
		{9147ACE2-7906-404B-96F4-8290C4918831}.Debug|Any CPU.ActiveCfg = Debug|Any CPU
		{9147ACE2-7906-404B-96F4-8290C4918831}.Debug|Any CPU.Build.0 = Debug|Any CPU
		{9147ACE2-7906-404B-96F4-8290C4918831}.Debug|x64.ActiveCfg = Debug|Any CPU
		{9147ACE2-7906-404B-96F4-8290C4918831}.Debug|x64.Build.0 = Debug|Any CPU
		{9147ACE2-7906-404B-96F4-8290C4918831}.Debug|x86.ActiveCfg = Debug|Any CPU
		{9147ACE2-7906-404B-96F4-8290C4918831}.Debug|x86.Build.0 = Debug|Any CPU
		{9147ACE2-7906-404B-96F4-8290C4918831}.Release|Any CPU.ActiveCfg = Release|Any CPU
		{9147ACE2-7906-404B-96F4-8290C4918831}.Release|Any CPU.Build.0 = Release|Any CPU
		{9147ACE2-7906-404B-96F4-8290C4918831}.Release|x64.ActiveCfg = Release|Any CPU
		{9147ACE2-7906-404B-96F4-8290C4918831}.Release|x64.Build.0 = Release|Any CPU
		{9147ACE2-7906-404B-96F4-8290C4918831}.Release|x86.ActiveCfg = Release|Any CPU
		{9147ACE2-7906-404B-96F4-8290C4918831}.Release|x86.Build.0 = Release|Any CPU
		{866E8F05-5BBD-4CB3-8C39-280602BD11CB}.Debug|Any CPU.ActiveCfg = Debug|Any CPU
		{866E8F05-5BBD-4CB3-8C39-280602BD11CB}.Debug|Any CPU.Build.0 = Debug|Any CPU
		{866E8F05-5BBD-4CB3-8C39-280602BD11CB}.Debug|x64.ActiveCfg = Debug|Any CPU
		{866E8F05-5BBD-4CB3-8C39-280602BD11CB}.Debug|x64.Build.0 = Debug|Any CPU
		{866E8F05-5BBD-4CB3-8C39-280602BD11CB}.Debug|x86.ActiveCfg = Debug|Any CPU
		{866E8F05-5BBD-4CB3-8C39-280602BD11CB}.Debug|x86.Build.0 = Debug|Any CPU
		{866E8F05-5BBD-4CB3-8C39-280602BD11CB}.Release|Any CPU.ActiveCfg = Release|Any CPU
		{866E8F05-5BBD-4CB3-8C39-280602BD11CB}.Release|Any CPU.Build.0 = Release|Any CPU
		{866E8F05-5BBD-4CB3-8C39-280602BD11CB}.Release|x64.ActiveCfg = Release|Any CPU
		{866E8F05-5BBD-4CB3-8C39-280602BD11CB}.Release|x64.Build.0 = Release|Any CPU
		{866E8F05-5BBD-4CB3-8C39-280602BD11CB}.Release|x86.ActiveCfg = Release|Any CPU
		{866E8F05-5BBD-4CB3-8C39-280602BD11CB}.Release|x86.Build.0 = Release|Any CPU
		{F36FB855-E82A-434D-BD24-5EB9E20766CF}.Debug|Any CPU.ActiveCfg = Debug|Any CPU
		{F36FB855-E82A-434D-BD24-5EB9E20766CF}.Debug|Any CPU.Build.0 = Debug|Any CPU
		{F36FB855-E82A-434D-BD24-5EB9E20766CF}.Debug|x64.ActiveCfg = Debug|Any CPU
		{F36FB855-E82A-434D-BD24-5EB9E20766CF}.Debug|x64.Build.0 = Debug|Any CPU
		{F36FB855-E82A-434D-BD24-5EB9E20766CF}.Debug|x86.ActiveCfg = Debug|Any CPU
		{F36FB855-E82A-434D-BD24-5EB9E20766CF}.Debug|x86.Build.0 = Debug|Any CPU
		{F36FB855-E82A-434D-BD24-5EB9E20766CF}.Release|Any CPU.ActiveCfg = Release|Any CPU
		{F36FB855-E82A-434D-BD24-5EB9E20766CF}.Release|Any CPU.Build.0 = Release|Any CPU
		{F36FB855-E82A-434D-BD24-5EB9E20766CF}.Release|x64.ActiveCfg = Release|Any CPU
		{F36FB855-E82A-434D-BD24-5EB9E20766CF}.Release|x64.Build.0 = Release|Any CPU
		{F36FB855-E82A-434D-BD24-5EB9E20766CF}.Release|x86.ActiveCfg = Release|Any CPU
		{F36FB855-E82A-434D-BD24-5EB9E20766CF}.Release|x86.Build.0 = Release|Any CPU
		{094F16A6-3D1A-4A0A-941C-EA5A9828C857}.Debug|Any CPU.ActiveCfg = Debug|Any CPU
		{094F16A6-3D1A-4A0A-941C-EA5A9828C857}.Debug|Any CPU.Build.0 = Debug|Any CPU
		{094F16A6-3D1A-4A0A-941C-EA5A9828C857}.Debug|x64.ActiveCfg = Debug|Any CPU
		{094F16A6-3D1A-4A0A-941C-EA5A9828C857}.Debug|x64.Build.0 = Debug|Any CPU
		{094F16A6-3D1A-4A0A-941C-EA5A9828C857}.Debug|x86.ActiveCfg = Debug|Any CPU
		{094F16A6-3D1A-4A0A-941C-EA5A9828C857}.Debug|x86.Build.0 = Debug|Any CPU
		{094F16A6-3D1A-4A0A-941C-EA5A9828C857}.Release|Any CPU.ActiveCfg = Release|Any CPU
		{094F16A6-3D1A-4A0A-941C-EA5A9828C857}.Release|Any CPU.Build.0 = Release|Any CPU
		{094F16A6-3D1A-4A0A-941C-EA5A9828C857}.Release|x64.ActiveCfg = Release|Any CPU
		{094F16A6-3D1A-4A0A-941C-EA5A9828C857}.Release|x64.Build.0 = Release|Any CPU
		{094F16A6-3D1A-4A0A-941C-EA5A9828C857}.Release|x86.ActiveCfg = Release|Any CPU
		{094F16A6-3D1A-4A0A-941C-EA5A9828C857}.Release|x86.Build.0 = Release|Any CPU
		{D9AAEE76-73C9-4356-847E-F4FD86341650}.Debug|Any CPU.ActiveCfg = Debug|Any CPU
		{D9AAEE76-73C9-4356-847E-F4FD86341650}.Debug|Any CPU.Build.0 = Debug|Any CPU
		{D9AAEE76-73C9-4356-847E-F4FD86341650}.Debug|x64.ActiveCfg = Debug|Any CPU
		{D9AAEE76-73C9-4356-847E-F4FD86341650}.Debug|x64.Build.0 = Debug|Any CPU
		{D9AAEE76-73C9-4356-847E-F4FD86341650}.Debug|x86.ActiveCfg = Debug|Any CPU
		{D9AAEE76-73C9-4356-847E-F4FD86341650}.Debug|x86.Build.0 = Debug|Any CPU
		{D9AAEE76-73C9-4356-847E-F4FD86341650}.Release|Any CPU.ActiveCfg = Release|Any CPU
		{D9AAEE76-73C9-4356-847E-F4FD86341650}.Release|Any CPU.Build.0 = Release|Any CPU
		{D9AAEE76-73C9-4356-847E-F4FD86341650}.Release|x64.ActiveCfg = Release|Any CPU
		{D9AAEE76-73C9-4356-847E-F4FD86341650}.Release|x64.Build.0 = Release|Any CPU
		{D9AAEE76-73C9-4356-847E-F4FD86341650}.Release|x86.ActiveCfg = Release|Any CPU
		{D9AAEE76-73C9-4356-847E-F4FD86341650}.Release|x86.Build.0 = Release|Any CPU
		{B34D8888-22BE-464F-AC97-50CE63B6005C}.Debug|Any CPU.ActiveCfg = Debug|Any CPU
		{B34D8888-22BE-464F-AC97-50CE63B6005C}.Debug|Any CPU.Build.0 = Debug|Any CPU
		{B34D8888-22BE-464F-AC97-50CE63B6005C}.Debug|x64.ActiveCfg = Debug|Any CPU
		{B34D8888-22BE-464F-AC97-50CE63B6005C}.Debug|x64.Build.0 = Debug|Any CPU
		{B34D8888-22BE-464F-AC97-50CE63B6005C}.Debug|x86.ActiveCfg = Debug|Any CPU
		{B34D8888-22BE-464F-AC97-50CE63B6005C}.Debug|x86.Build.0 = Debug|Any CPU
		{B34D8888-22BE-464F-AC97-50CE63B6005C}.Release|Any CPU.ActiveCfg = Release|Any CPU
		{B34D8888-22BE-464F-AC97-50CE63B6005C}.Release|Any CPU.Build.0 = Release|Any CPU
		{B34D8888-22BE-464F-AC97-50CE63B6005C}.Release|x64.ActiveCfg = Release|Any CPU
		{B34D8888-22BE-464F-AC97-50CE63B6005C}.Release|x64.Build.0 = Release|Any CPU
		{B34D8888-22BE-464F-AC97-50CE63B6005C}.Release|x86.ActiveCfg = Release|Any CPU
		{B34D8888-22BE-464F-AC97-50CE63B6005C}.Release|x86.Build.0 = Release|Any CPU
		{C19B53E2-BAED-4AA6-ABEC-E235C198F4A9}.Debug|Any CPU.ActiveCfg = Debug|Any CPU
		{C19B53E2-BAED-4AA6-ABEC-E235C198F4A9}.Debug|Any CPU.Build.0 = Debug|Any CPU
		{C19B53E2-BAED-4AA6-ABEC-E235C198F4A9}.Debug|x64.ActiveCfg = Debug|Any CPU
		{C19B53E2-BAED-4AA6-ABEC-E235C198F4A9}.Debug|x64.Build.0 = Debug|Any CPU
		{C19B53E2-BAED-4AA6-ABEC-E235C198F4A9}.Debug|x86.ActiveCfg = Debug|Any CPU
		{C19B53E2-BAED-4AA6-ABEC-E235C198F4A9}.Debug|x86.Build.0 = Debug|Any CPU
		{C19B53E2-BAED-4AA6-ABEC-E235C198F4A9}.Release|Any CPU.ActiveCfg = Release|Any CPU
		{C19B53E2-BAED-4AA6-ABEC-E235C198F4A9}.Release|Any CPU.Build.0 = Release|Any CPU
		{C19B53E2-BAED-4AA6-ABEC-E235C198F4A9}.Release|x64.ActiveCfg = Release|Any CPU
		{C19B53E2-BAED-4AA6-ABEC-E235C198F4A9}.Release|x64.Build.0 = Release|Any CPU
		{C19B53E2-BAED-4AA6-ABEC-E235C198F4A9}.Release|x86.ActiveCfg = Release|Any CPU
		{C19B53E2-BAED-4AA6-ABEC-E235C198F4A9}.Release|x86.Build.0 = Release|Any CPU
		{5D3651E9-6412-4F3D-88CD-61E678CABDEC}.Debug|Any CPU.ActiveCfg = Debug|Any CPU
		{5D3651E9-6412-4F3D-88CD-61E678CABDEC}.Debug|Any CPU.Build.0 = Debug|Any CPU
		{5D3651E9-6412-4F3D-88CD-61E678CABDEC}.Debug|x64.ActiveCfg = Debug|Any CPU
		{5D3651E9-6412-4F3D-88CD-61E678CABDEC}.Debug|x64.Build.0 = Debug|Any CPU
		{5D3651E9-6412-4F3D-88CD-61E678CABDEC}.Debug|x86.ActiveCfg = Debug|Any CPU
		{5D3651E9-6412-4F3D-88CD-61E678CABDEC}.Debug|x86.Build.0 = Debug|Any CPU
		{5D3651E9-6412-4F3D-88CD-61E678CABDEC}.Release|Any CPU.ActiveCfg = Release|Any CPU
		{5D3651E9-6412-4F3D-88CD-61E678CABDEC}.Release|Any CPU.Build.0 = Release|Any CPU
		{5D3651E9-6412-4F3D-88CD-61E678CABDEC}.Release|x64.ActiveCfg = Release|Any CPU
		{5D3651E9-6412-4F3D-88CD-61E678CABDEC}.Release|x64.Build.0 = Release|Any CPU
		{5D3651E9-6412-4F3D-88CD-61E678CABDEC}.Release|x86.ActiveCfg = Release|Any CPU
		{5D3651E9-6412-4F3D-88CD-61E678CABDEC}.Release|x86.Build.0 = Release|Any CPU
		{D7586B35-2242-40B6-8481-A760D53BD63D}.Debug|Any CPU.ActiveCfg = Debug|Any CPU
		{D7586B35-2242-40B6-8481-A760D53BD63D}.Debug|Any CPU.Build.0 = Debug|Any CPU
		{D7586B35-2242-40B6-8481-A760D53BD63D}.Debug|x64.ActiveCfg = Debug|Any CPU
		{D7586B35-2242-40B6-8481-A760D53BD63D}.Debug|x64.Build.0 = Debug|Any CPU
		{D7586B35-2242-40B6-8481-A760D53BD63D}.Debug|x86.ActiveCfg = Debug|Any CPU
		{D7586B35-2242-40B6-8481-A760D53BD63D}.Debug|x86.Build.0 = Debug|Any CPU
		{D7586B35-2242-40B6-8481-A760D53BD63D}.Release|Any CPU.ActiveCfg = Release|Any CPU
		{D7586B35-2242-40B6-8481-A760D53BD63D}.Release|Any CPU.Build.0 = Release|Any CPU
		{D7586B35-2242-40B6-8481-A760D53BD63D}.Release|x64.ActiveCfg = Release|Any CPU
		{D7586B35-2242-40B6-8481-A760D53BD63D}.Release|x64.Build.0 = Release|Any CPU
		{D7586B35-2242-40B6-8481-A760D53BD63D}.Release|x86.ActiveCfg = Release|Any CPU
		{D7586B35-2242-40B6-8481-A760D53BD63D}.Release|x86.Build.0 = Release|Any CPU
		{09A441B3-1541-45D0-A9BD-5D7099A8C364}.Debug|Any CPU.ActiveCfg = Debug|Any CPU
		{09A441B3-1541-45D0-A9BD-5D7099A8C364}.Debug|Any CPU.Build.0 = Debug|Any CPU
		{09A441B3-1541-45D0-A9BD-5D7099A8C364}.Debug|x64.ActiveCfg = Debug|Any CPU
		{09A441B3-1541-45D0-A9BD-5D7099A8C364}.Debug|x64.Build.0 = Debug|Any CPU
		{09A441B3-1541-45D0-A9BD-5D7099A8C364}.Debug|x86.ActiveCfg = Debug|Any CPU
		{09A441B3-1541-45D0-A9BD-5D7099A8C364}.Debug|x86.Build.0 = Debug|Any CPU
		{09A441B3-1541-45D0-A9BD-5D7099A8C364}.Release|Any CPU.ActiveCfg = Release|Any CPU
		{09A441B3-1541-45D0-A9BD-5D7099A8C364}.Release|Any CPU.Build.0 = Release|Any CPU
		{09A441B3-1541-45D0-A9BD-5D7099A8C364}.Release|x64.ActiveCfg = Release|Any CPU
		{09A441B3-1541-45D0-A9BD-5D7099A8C364}.Release|x64.Build.0 = Release|Any CPU
		{09A441B3-1541-45D0-A9BD-5D7099A8C364}.Release|x86.ActiveCfg = Release|Any CPU
		{09A441B3-1541-45D0-A9BD-5D7099A8C364}.Release|x86.Build.0 = Release|Any CPU
	EndGlobalSection
	GlobalSection(SolutionProperties) = preSolution
		HideSolutionNode = FALSE
	EndGlobalSection
	GlobalSection(NestedProjects) = preSolution
		{C8E42992-5E42-0C2B-DBFE-AA848D06431C} = {827E0CD3-B72D-47B6-A68D-7590B98EB39B}
		{60ADBAEB-F1D5-4DDD-9745-48DFE8C629B6} = {C8E42992-5E42-0C2B-DBFE-AA848D06431C}
		{984BB9B3-3FA3-BE33-9484-CAC21695A33C} = {827E0CD3-B72D-47B6-A68D-7590B98EB39B}
		{9147ACE2-7906-404B-96F4-8290C4918831} = {984BB9B3-3FA3-BE33-9484-CAC21695A33C}
		{866E8F05-5BBD-4CB3-8C39-280602BD11CB} = {984BB9B3-3FA3-BE33-9484-CAC21695A33C}
		{F36FB855-E82A-434D-BD24-5EB9E20766CF} = {984BB9B3-3FA3-BE33-9484-CAC21695A33C}
		{094F16A6-3D1A-4A0A-941C-EA5A9828C857} = {984BB9B3-3FA3-BE33-9484-CAC21695A33C}
		{D9AAEE76-73C9-4356-847E-F4FD86341650} = {984BB9B3-3FA3-BE33-9484-CAC21695A33C}
		{B34D8888-22BE-464F-AC97-50CE63B6005C} = {984BB9B3-3FA3-BE33-9484-CAC21695A33C}
		{C19B53E2-BAED-4AA6-ABEC-E235C198F4A9} = {984BB9B3-3FA3-BE33-9484-CAC21695A33C}
		{5D3651E9-6412-4F3D-88CD-61E678CABDEC} = {984BB9B3-3FA3-BE33-9484-CAC21695A33C}
		{6306A8FB-679E-111F-6585-8F70E0EE6013} = {827E0CD3-B72D-47B6-A68D-7590B98EB39B}
		{D7586B35-2242-40B6-8481-A760D53BD63D} = {6306A8FB-679E-111F-6585-8F70E0EE6013}
		{CEA09484-30F6-4D44-02F6-822E06DBC57C} = {827E0CD3-B72D-47B6-A68D-7590B98EB39B}
		{09A441B3-1541-45D0-A9BD-5D7099A8C364} = {CEA09484-30F6-4D44-02F6-822E06DBC57C}
	EndGlobalSection
EndGlobal
